
Microsoft Visual Studio Solution File, Format Version 12.00
# Visual Studio Version 16
VisualStudioVersion = 16.0.29503.13
MinimumVisualStudioVersion = 10.0.40219.1
Project("{2150E333-8FDC-42A3-9474-1A3956D46DE8}") = "1.Presentation", "1.Presentation", "{102B7978-6141-464B-BA81-F2A0BC9F6591}"
EndProject
Project("{2150E333-8FDC-42A3-9474-1A3956D46DE8}") = "3.Domain", "3.Domain", "{38FAA9A2-C868-442B-AE7C-DA99EF737B30}"
EndProject
Project("{2150E333-8FDC-42A3-9474-1A3956D46DE8}") = "4.Infra", "4.Infra", "{679005F3-CE67-4EE5-A939-07D345759CA3}"
EndProject
Project("{2150E333-8FDC-42A3-9474-1A3956D46DE8}") = "3.1.Data", "3.1.Data", "{AD4FDF8C-5377-42C2-BFB2-AFBAF4A48854}"
EndProject
Project("{9A19103F-16F7-4668-BE54-9A1E7A4F7556}") = "Nodus.Elluris.Domain", "src\Nodus.Elluris.Domain\Nodus.Elluris.Domain.csproj", "{DF3621F0-A8D7-4BC5-86EB-73DEC140DC02}"
EndProject
Project("{9A19103F-16F7-4668-BE54-9A1E7A4F7556}") = "Nodus.Elluris.Data", "src\Nodus.Elluris.Data\Nodus.Elluris.Data.csproj", "{F634141F-6F19-4741-B8CE-161D57EBE8A6}"
EndProject
Project("{9A19103F-16F7-4668-BE54-9A1E7A4F7556}") = "Nodus.Elluris.Mvc", "src\Nodus.Elluris.Mvc\Nodus.Elluris.Mvc.csproj", "{DDC776CF-2267-4279-BFDB-FBE7B4D100C8}"
EndProject
Project("{2150E333-8FDC-42A3-9474-1A3956D46DE8}") = "2.Application", "2.Application", "{8ACDBF63-4784-4DA2-8BA5-F7FF875B107E}"
EndProject
Project("{FAE04EC0-301F-11D3-BF4B-00C04F79EFBC}") = "Nodus.Elluris.WebApi", "src\Nodus.Elluris.WebApi\Nodus.Elluris.WebApi.csproj", "{125C59A9-415C-4BAA-9E79-A7D49D01BF25}"
EndProject
Global
	GlobalSection(SolutionConfigurationPlatforms) = preSolution
		Debug|Any CPU = Debug|Any CPU
		Release|Any CPU = Release|Any CPU
	EndGlobalSection
	GlobalSection(ProjectConfigurationPlatforms) = postSolution
		{DF3621F0-A8D7-4BC5-86EB-73DEC140DC02}.Debug|Any CPU.ActiveCfg = Debug|Any CPU
		{DF3621F0-A8D7-4BC5-86EB-73DEC140DC02}.Debug|Any CPU.Build.0 = Debug|Any CPU
		{DF3621F0-A8D7-4BC5-86EB-73DEC140DC02}.Release|Any CPU.ActiveCfg = Release|Any CPU
		{DF3621F0-A8D7-4BC5-86EB-73DEC140DC02}.Release|Any CPU.Build.0 = Release|Any CPU
		{F634141F-6F19-4741-B8CE-161D57EBE8A6}.Debug|Any CPU.ActiveCfg = Debug|Any CPU
		{F634141F-6F19-4741-B8CE-161D57EBE8A6}.Debug|Any CPU.Build.0 = Debug|Any CPU
		{F634141F-6F19-4741-B8CE-161D57EBE8A6}.Release|Any CPU.ActiveCfg = Release|Any CPU
		{F634141F-6F19-4741-B8CE-161D57EBE8A6}.Release|Any CPU.Build.0 = Release|Any CPU
		{DDC776CF-2267-4279-BFDB-FBE7B4D100C8}.Debug|Any CPU.ActiveCfg = Debug|Any CPU
		{DDC776CF-2267-4279-BFDB-FBE7B4D100C8}.Debug|Any CPU.Build.0 = Debug|Any CPU
		{DDC776CF-2267-4279-BFDB-FBE7B4D100C8}.Release|Any CPU.ActiveCfg = Release|Any CPU
		{DDC776CF-2267-4279-BFDB-FBE7B4D100C8}.Release|Any CPU.Build.0 = Release|Any CPU
		{125C59A9-415C-4BAA-9E79-A7D49D01BF25}.Debug|Any CPU.ActiveCfg = Debug|Any CPU
		{125C59A9-415C-4BAA-9E79-A7D49D01BF25}.Debug|Any CPU.Build.0 = Debug|Any CPU
		{125C59A9-415C-4BAA-9E79-A7D49D01BF25}.Release|Any CPU.ActiveCfg = Release|Any CPU
		{125C59A9-415C-4BAA-9E79-A7D49D01BF25}.Release|Any CPU.Build.0 = Release|Any CPU
	EndGlobalSection
	GlobalSection(SolutionProperties) = preSolution
		HideSolutionNode = FALSE
	EndGlobalSection
	GlobalSection(NestedProjects) = preSolution
		{AD4FDF8C-5377-42C2-BFB2-AFBAF4A48854} = {679005F3-CE67-4EE5-A939-07D345759CA3}
		{DF3621F0-A8D7-4BC5-86EB-73DEC140DC02} = {38FAA9A2-C868-442B-AE7C-DA99EF737B30}
		{F634141F-6F19-4741-B8CE-161D57EBE8A6} = {AD4FDF8C-5377-42C2-BFB2-AFBAF4A48854}
		{DDC776CF-2267-4279-BFDB-FBE7B4D100C8} = {102B7978-6141-464B-BA81-F2A0BC9F6591}
		{125C59A9-415C-4BAA-9E79-A7D49D01BF25} = {8ACDBF63-4784-4DA2-8BA5-F7FF875B107E}
	EndGlobalSection
	GlobalSection(ExtensibilityGlobals) = postSolution
		SolutionGuid = {54DD5EAA-4757-494C-95FC-00EC98B491D8}
	EndGlobalSection
EndGlobal
